
Microsoft Visual Studio Solution File, Format Version 12.00
# Visual Studio 15
VisualStudioVersion = 15.0.28307.1062
MinimumVisualStudioVersion = 10.0.40219.1
Project("{8BC9CEB8-8B4A-11D0-8D11-00A0C91BC942}") = "GB28181_Stress_Tools", "GB28181_Stress_Tools\GB28181_Stress_Tools.vcxproj", "{DA88DF0E-058E-4C93-B78D-013926819EA1}"
EndProject
Global
	GlobalSection(SolutionConfigurationPlatforms) = preSolution
		Debug|x64 = Debug|x64
		Debug|x86 = Debug|x86
		Release|x64 = Release|x64
		Release|x86 = Release|x86
	EndGlobalSection
	GlobalSection(ProjectConfigurationPlatforms) = postSolution
		{DA88DF0E-058E-4C93-B78D-013926819EA1}.Debug|x64.ActiveCfg = Debug|x64
		{DA88DF0E-058E-4C93-B78D-013926819EA1}.Debug|x64.Build.0 = Debug|x64
		{DA88DF0E-058E-4C93-B78D-013926819EA1}.Debug|x86.ActiveCfg = Debug|Win32
		{DA88DF0E-058E-4C93-B78D-013926819EA1}.Debug|x86.Build.0 = Debug|Win32
		{DA88DF0E-058E-4C93-B78D-013926819EA1}.Release|x64.ActiveCfg = Release|x64
		{DA88DF0E-058E-4C93-B78D-013926819EA1}.Release|x64.Build.0 = Release|x64
		{DA88DF0E-058E-4C93-B78D-013926819EA1}.Release|x86.ActiveCfg = Release|Win32
		{DA88DF0E-058E-4C93-B78D-013926819EA1}.Release|x86.Build.0 = Release|Win32
	EndGlobalSection
	GlobalSection(SolutionProperties) = preSolution
		HideSolutionNode = FALSE
	EndGlobalSection
	GlobalSection(ExtensibilityGlobals) = postSolution
		SolutionGuid = {ECC2850E-933F-4E9A-944C-244513D9A5B4}
	EndGlobalSection
EndGlobal
